uuid: 34e9bac8-1c91-486b-992a-00e833a0618c
langcode: en-gb
status: true
dependencies:
  module:
    - dlp
    - system
    - user
  theme:
    - lms
id: lms_studentcoursesblock
theme: lms
region: content
weight: 0
provider: null
plugin: student_courses_block
settings:
  id: student_courses_block
  label: 'Student Course Enrollment'
  label_display: visible
  provider: dlp
visibility:
  request_path:
    id: request_path
    negate: false
    pages: /user/dashboard
  user_role:
    id: user_role
    negate: false
    context_mapping:
      user: '@user.current_user_context:current_user'
    roles:
      administrator: administrator
      instructor: instructor
