uuid: c0cea46d-888e-4780-8735-259a3369a7f2
langcode: en-gb
status: true
dependencies:
  module:
    - dlp
    - system
    - user
  theme:
    - lms
id: lms_studentdashboardblock
theme: lms
region: content
weight: 0
provider: null
plugin: student_dashboard_block
settings:
  id: student_dashboard_block
  label: 'Student Dashboard Block'
  label_display: visible
  provider: dlp
visibility:
  request_path:
    id: request_path
    negate: false
    pages: /user/dashboard
  user_role:
    id: user_role
    negate: false
    context_mapping:
      user: '@user.current_user_context:current_user'
    roles:
      student: student
